
Microsoft Visual Studio Solution File, Format Version 12.00
# Visual Studio 14
VisualStudioVersion = 14.0.25420.1
MinimumVisualStudioVersion = 10.0.40219.1
Project("{FAE04EC0-301F-11D3-BF4B-00C04F79EFBC}") = "ATL.Engine", "ATL.Engine\ATL.Engine.csproj", "{A0B97064-400E-4CD5-907E-36690767EDBA}"
EndProject
Project("{FAE04EC0-301F-11D3-BF4B-00C04F79EFBC}") = "ATL.MES2", "ATL.MES\ATL.MES2.csproj", "{1EC4FC15-AAB8-4EFA-87F3-4550EDB304B4}"
	ProjectSection(ProjectDependencies) = postProject
		{A0B97064-400E-4CD5-907E-36690767EDBA} = {A0B97064-400E-4CD5-907E-36690767EDBA}
	EndProjectSection
EndProject
Project("{FAE04EC0-301F-11D3-BF4B-00C04F79EFBC}") = "ATL_MES", "ATL_MES\ATL_MES.csproj", "{69EE965E-6D5F-4D1D-BA2B-D763084CE592}"
	ProjectSection(ProjectDependencies) = postProject
		{1EC4FC15-AAB8-4EFA-87F3-4550EDB304B4} = {1EC4FC15-AAB8-4EFA-87F3-4550EDB304B4}
		{A0B97064-400E-4CD5-907E-36690767EDBA} = {A0B97064-400E-4CD5-907E-36690767EDBA}
	EndProjectSection
EndProject
Project("{FAE04EC0-301F-11D3-BF4B-00C04F79EFBC}") = "ATL.PLC", "ATL.PLC\ATL.PLC.csproj", "{0996F69C-512C-4030-BEEC-A5DB63CD8381}"
EndProject
Project("{FAE04EC0-301F-11D3-BF4B-00C04F79EFBC}") = "ZY.XRayTube", "ZY.XRayTube\ZY.XRayTube.csproj", "{718CFCE6-E415-4025-90EE-3EFC6274C41A}"
EndProject
Project("{FAE04EC0-301F-11D3-BF4B-00C04F79EFBC}") = "ZY.SerialDevice", "ZY.SerialDevice\ZY.SerialDevice.csproj", "{AC9CE350-4267-4509-80D2-E4CE953F4A0A}"
EndProject
Project("{FAE04EC0-301F-11D3-BF4B-00C04F79EFBC}") = "ZY.Motion", "ZY.Motion\ZY.Motion.csproj", "{C9031A4C-B971-4AA1-80BD-ECD43027AB6B}"
EndProject
Project("{FAE04EC0-301F-11D3-BF4B-00C04F79EFBC}") = "ZY.MitutoyoReader", "ZY.MitutoyoReader\ZY.MitutoyoReader.csproj", "{C5FCC526-7799-4A19-8F80-83E2ACC32844}"
EndProject
Project("{FAE04EC0-301F-11D3-BF4B-00C04F79EFBC}") = "ZY.Logging", "ZY.Logging\ZY.Logging.csproj", "{E8A9C5F6-8662-4219-9250-A2C7F803D7FC}"
EndProject
Project("{FAE04EC0-301F-11D3-BF4B-00C04F79EFBC}") = "ZY.BarCodeReader", "ZY.BarCodeReader\ZY.BarCodeReader.csproj", "{0E5D0956-6C95-4AFA-A7BF-72502FC15C64}"
EndProject
Project("{FAE04EC0-301F-11D3-BF4B-00C04F79EFBC}") = "XRayClient.VisionSysWrapper", "XRayClient.VisionSysWrapper\XRayClient.VisionSysWrapper.csproj", "{D375AC35-5F11-4016-8AD9-6181FB0D8709}"
EndProject
Project("{FAE04EC0-301F-11D3-BF4B-00C04F79EFBC}") = "XRayClient.Core", "XRayClient.Core\XRayClient.Core.csproj", "{59B88B50-9BCB-49AC-8F1A-EC1EDB481B50}"
EndProject
Project("{FAE04EC0-301F-11D3-BF4B-00C04F79EFBC}") = "XRayClient.BatteryCheckManager", "XRayClient.BatteryCheckManager\XRayClient.BatteryCheckManager.csproj", "{74E3DF50-552D-4A53-A330-B44E5CE7646C}"
EndProject
Project("{FAE04EC0-301F-11D3-BF4B-00C04F79EFBC}") = "Instrument", "Instrument\Instrument.csproj", "{559C4716-911D-4AEA-9A39-B0527A2325B4}"
EndProject
Project("{FAE04EC0-301F-11D3-BF4B-00C04F79EFBC}") = "ZYXray", "ZYXray\ZYXray.csproj", "{91662D77-8FA5-4C74-8876-03EBC5504396}"
EndProject
Project("{8BC9CEB8-8B4A-11D0-8D11-00A0C91BC942}") = "XRayClient.VisionSysNative", "XRayClient.VisionSysNative\XRayClient.VisionSysNative.vcxproj", "{FD8779D7-DC1E-4AF9-887C-78C8F8787EE9}"
EndProject
Project("{8BC9CEB8-8B4A-11D0-8D11-00A0C91BC942}") = "XRayClient.ImageProcessNative", "XRayClient.ImageProcessNative\XRayClient.ImageProcessNative.vcxproj", "{D2E698F7-9385-493E-883D-DA84A9D7A03C}"
EndProject
Project("{FAE04EC0-301F-11D3-BF4B-00C04F79EFBC}") = "ZY.Vision", "CameraLib\ZY.Vision.csproj", "{83DF75AA-DEA3-460D-9CAB-C1459FF863AA}"
EndProject
Project("{2150E333-8FDC-42A3-9474-1A3956D46DE8}") = "BusinessLogic", "BusinessLogic", "{8312A898-B21C-42E0-BFDC-D39047707489}"
EndProject
Project("{FAE04EC0-301F-11D3-BF4B-00C04F79EFBC}") = "ZY.BLL", "ZY.BLL\ZY.BLL.csproj", "{BA357E0F-5C4C-491F-98C6-E94EFBF673B5}"
EndProject
Project("{FAE04EC0-301F-11D3-BF4B-00C04F79EFBC}") = "ZY.Model", "ZY.Model\ZY.Model.csproj", "{40DF2F32-BDF6-4310-AE75-57D8D3BA7F1B}"
EndProject
Project("{FAE04EC0-301F-11D3-BF4B-00C04F79EFBC}") = "ZY.Systems", "ZY.Systems\ZY.Systems.csproj", "{30509125-927B-418C-85E7-77295935B878}"
EndProject
Project("{FAE04EC0-301F-11D3-BF4B-00C04F79EFBC}") = "ZY.DAL", "ZY.DAL\ZY.DAL.csproj", "{F8FC2E66-8266-4429-9905-F088901C1263}"
EndProject
Global
	GlobalSection(SolutionConfigurationPlatforms) = preSolution
		Debug|Any CPU = Debug|Any CPU
		Debug|x64 = Debug|x64
		Debug|x86 = Debug|x86
		Release|Any CPU = Release|Any CPU
		Release|x64 = Release|x64
		Release|x86 = Release|x86
		Test|Any CPU = Test|Any CPU
		Test|x64 = Test|x64
		Test|x86 = Test|x86
	EndGlobalSection
	GlobalSection(ProjectConfigurationPlatforms) = postSolution
		{A0B97064-400E-4CD5-907E-36690767EDBA}.Debug|Any CPU.ActiveCfg = Debug|Any CPU
		{A0B97064-400E-4CD5-907E-36690767EDBA}.Debug|Any CPU.Build.0 = Debug|Any CPU
		{A0B97064-400E-4CD5-907E-36690767EDBA}.Debug|x64.ActiveCfg = Debug|Any CPU
		{A0B97064-400E-4CD5-907E-36690767EDBA}.Debug|x64.Build.0 = Debug|Any CPU
		{A0B97064-400E-4CD5-907E-36690767EDBA}.Debug|x86.ActiveCfg = Debug|Any CPU
		{A0B97064-400E-4CD5-907E-36690767EDBA}.Debug|x86.Build.0 = Debug|Any CPU
		{A0B97064-400E-4CD5-907E-36690767EDBA}.Release|Any CPU.ActiveCfg = Release|Any CPU
		{A0B97064-400E-4CD5-907E-36690767EDBA}.Release|Any CPU.Build.0 = Release|Any CPU
		{A0B97064-400E-4CD5-907E-36690767EDBA}.Release|x64.ActiveCfg = Release|Any CPU
		{A0B97064-400E-4CD5-907E-36690767EDBA}.Release|x64.Build.0 = Release|Any CPU
		{A0B97064-400E-4CD5-907E-36690767EDBA}.Release|x86.ActiveCfg = Release|Any CPU
		{A0B97064-400E-4CD5-907E-36690767EDBA}.Release|x86.Build.0 = Release|Any CPU
		{A0B97064-400E-4CD5-907E-36690767EDBA}.Test|Any CPU.ActiveCfg = Release|Any CPU
		{A0B97064-400E-4CD5-907E-36690767EDBA}.Test|Any CPU.Build.0 = Release|Any CPU
		{A0B97064-400E-4CD5-907E-36690767EDBA}.Test|x64.ActiveCfg = Release|Any CPU
		{A0B97064-400E-4CD5-907E-36690767EDBA}.Test|x64.Build.0 = Release|Any CPU
		{A0B97064-400E-4CD5-907E-36690767EDBA}.Test|x86.ActiveCfg = Release|Any CPU
		{A0B97064-400E-4CD5-907E-36690767EDBA}.Test|x86.Build.0 = Release|Any CPU
		{1EC4FC15-AAB8-4EFA-87F3-4550EDB304B4}.Debug|Any CPU.ActiveCfg = Debug|Any CPU
		{1EC4FC15-AAB8-4EFA-87F3-4550EDB304B4}.Debug|Any CPU.Build.0 = Debug|Any CPU
		{1EC4FC15-AAB8-4EFA-87F3-4550EDB304B4}.Debug|x64.ActiveCfg = Debug|Any CPU
		{1EC4FC15-AAB8-4EFA-87F3-4550EDB304B4}.Debug|x64.Build.0 = Debug|Any CPU
		{1EC4FC15-AAB8-4EFA-87F3-4550EDB304B4}.Debug|x86.ActiveCfg = Debug|Any CPU
		{1EC4FC15-AAB8-4EFA-87F3-4550EDB304B4}.Debug|x86.Build.0 = Debug|Any CPU
		{1EC4FC15-AAB8-4EFA-87F3-4550EDB304B4}.Release|Any CPU.ActiveCfg = Release|Any CPU
		{1EC4FC15-AAB8-4EFA-87F3-4550EDB304B4}.Release|Any CPU.Build.0 = Release|Any CPU
		{1EC4FC15-AAB8-4EFA-87F3-4550EDB304B4}.Release|x64.ActiveCfg = Release|Any CPU
		{1EC4FC15-AAB8-4EFA-87F3-4550EDB304B4}.Release|x64.Build.0 = Release|Any CPU
		{1EC4FC15-AAB8-4EFA-87F3-4550EDB304B4}.Release|x86.ActiveCfg = Release|Any CPU
		{1EC4FC15-AAB8-4EFA-87F3-4550EDB304B4}.Release|x86.Build.0 = Release|Any CPU
		{1EC4FC15-AAB8-4EFA-87F3-4550EDB304B4}.Test|Any CPU.ActiveCfg = Release|Any CPU
		{1EC4FC15-AAB8-4EFA-87F3-4550EDB304B4}.Test|Any CPU.Build.0 = Release|Any CPU
		{1EC4FC15-AAB8-4EFA-87F3-4550EDB304B4}.Test|x64.ActiveCfg = Release|Any CPU
		{1EC4FC15-AAB8-4EFA-87F3-4550EDB304B4}.Test|x64.Build.0 = Release|Any CPU
		{1EC4FC15-AAB8-4EFA-87F3-4550EDB304B4}.Test|x86.ActiveCfg = Release|Any CPU
		{1EC4FC15-AAB8-4EFA-87F3-4550EDB304B4}.Test|x86.Build.0 = Release|Any CPU
		{69EE965E-6D5F-4D1D-BA2B-D763084CE592}.Debug|Any CPU.ActiveCfg = Debug|Any CPU
		{69EE965E-6D5F-4D1D-BA2B-D763084CE592}.Debug|Any CPU.Build.0 = Debug|Any CPU
		{69EE965E-6D5F-4D1D-BA2B-D763084CE592}.Debug|x64.ActiveCfg = Debug|Any CPU
		{69EE965E-6D5F-4D1D-BA2B-D763084CE592}.Debug|x64.Build.0 = Debug|Any CPU
		{69EE965E-6D5F-4D1D-BA2B-D763084CE592}.Debug|x86.ActiveCfg = Debug|Any CPU
		{69EE965E-6D5F-4D1D-BA2B-D763084CE592}.Debug|x86.Build.0 = Debug|Any CPU
		{69EE965E-6D5F-4D1D-BA2B-D763084CE592}.Release|Any CPU.ActiveCfg = Release|Any CPU
		{69EE965E-6D5F-4D1D-BA2B-D763084CE592}.Release|Any CPU.Build.0 = Release|Any CPU
		{69EE965E-6D5F-4D1D-BA2B-D763084CE592}.Release|x64.ActiveCfg = Release|Any CPU
		{69EE965E-6D5F-4D1D-BA2B-D763084CE592}.Release|x64.Build.0 = Release|Any CPU
		{69EE965E-6D5F-4D1D-BA2B-D763084CE592}.Release|x86.ActiveCfg = Release|Any CPU
		{69EE965E-6D5F-4D1D-BA2B-D763084CE592}.Release|x86.Build.0 = Release|Any CPU
		{69EE965E-6D5F-4D1D-BA2B-D763084CE592}.Test|Any CPU.ActiveCfg = Release|Any CPU
		{69EE965E-6D5F-4D1D-BA2B-D763084CE592}.Test|Any CPU.Build.0 = Release|Any CPU
		{69EE965E-6D5F-4D1D-BA2B-D763084CE592}.Test|x64.ActiveCfg = Release|Any CPU
		{69EE965E-6D5F-4D1D-BA2B-D763084CE592}.Test|x64.Build.0 = Release|Any CPU
		{69EE965E-6D5F-4D1D-BA2B-D763084CE592}.Test|x86.ActiveCfg = Release|Any CPU
		{69EE965E-6D5F-4D1D-BA2B-D763084CE592}.Test|x86.Build.0 = Release|Any CPU
		{0996F69C-512C-4030-BEEC-A5DB63CD8381}.Debug|Any CPU.ActiveCfg = Debug|Any CPU
		{0996F69C-512C-4030-BEEC-A5DB63CD8381}.Debug|Any CPU.Build.0 = Debug|Any CPU
		{0996F69C-512C-4030-BEEC-A5DB63CD8381}.Debug|x64.ActiveCfg = Debug|Any CPU
		{0996F69C-512C-4030-BEEC-A5DB63CD8381}.Debug|x64.Build.0 = Debug|Any CPU
		{0996F69C-512C-4030-BEEC-A5DB63CD8381}.Debug|x86.ActiveCfg = Debug|Any CPU
		{0996F69C-512C-4030-BEEC-A5DB63CD8381}.Debug|x86.Build.0 = Debug|Any CPU
		{0996F69C-512C-4030-BEEC-A5DB63CD8381}.Release|Any CPU.ActiveCfg = Release|Any CPU
		{0996F69C-512C-4030-BEEC-A5DB63CD8381}.Release|Any CPU.Build.0 = Release|Any CPU
		{0996F69C-512C-4030-BEEC-A5DB63CD8381}.Release|x64.ActiveCfg = Release|Any CPU
		{0996F69C-512C-4030-BEEC-A5DB63CD8381}.Release|x64.Build.0 = Release|Any CPU
		{0996F69C-512C-4030-BEEC-A5DB63CD8381}.Release|x86.ActiveCfg = Release|Any CPU
		{0996F69C-512C-4030-BEEC-A5DB63CD8381}.Release|x86.Build.0 = Release|Any CPU
		{0996F69C-512C-4030-BEEC-A5DB63CD8381}.Test|Any CPU.ActiveCfg = Release|Any CPU
		{0996F69C-512C-4030-BEEC-A5DB63CD8381}.Test|Any CPU.Build.0 = Release|Any CPU
		{0996F69C-512C-4030-BEEC-A5DB63CD8381}.Test|x64.ActiveCfg = Release|Any CPU
		{0996F69C-512C-4030-BEEC-A5DB63CD8381}.Test|x64.Build.0 = Release|Any CPU
		{0996F69C-512C-4030-BEEC-A5DB63CD8381}.Test|x86.ActiveCfg = Release|Any CPU
		{0996F69C-512C-4030-BEEC-A5DB63CD8381}.Test|x86.Build.0 = Release|Any CPU
		{718CFCE6-E415-4025-90EE-3EFC6274C41A}.Debug|Any CPU.ActiveCfg = Debug|Any CPU
		{718CFCE6-E415-4025-90EE-3EFC6274C41A}.Debug|Any CPU.Build.0 = Debug|Any CPU
		{718CFCE6-E415-4025-90EE-3EFC6274C41A}.Debug|x64.ActiveCfg = Debug|x64
		{718CFCE6-E415-4025-90EE-3EFC6274C41A}.Debug|x64.Build.0 = Debug|x64
		{718CFCE6-E415-4025-90EE-3EFC6274C41A}.Debug|x86.ActiveCfg = Debug|Any CPU
		{718CFCE6-E415-4025-90EE-3EFC6274C41A}.Debug|x86.Build.0 = Debug|Any CPU
		{718CFCE6-E415-4025-90EE-3EFC6274C41A}.Release|Any CPU.ActiveCfg = Release|Any CPU
		{718CFCE6-E415-4025-90EE-3EFC6274C41A}.Release|Any CPU.Build.0 = Release|Any CPU
		{718CFCE6-E415-4025-90EE-3EFC6274C41A}.Release|x64.ActiveCfg = Release|x64
		{718CFCE6-E415-4025-90EE-3EFC6274C41A}.Release|x64.Build.0 = Release|x64
		{718CFCE6-E415-4025-90EE-3EFC6274C41A}.Release|x86.ActiveCfg = Release|Any CPU
		{718CFCE6-E415-4025-90EE-3EFC6274C41A}.Release|x86.Build.0 = Release|Any CPU
		{718CFCE6-E415-4025-90EE-3EFC6274C41A}.Test|Any CPU.ActiveCfg = Release|Any CPU
		{718CFCE6-E415-4025-90EE-3EFC6274C41A}.Test|Any CPU.Build.0 = Release|Any CPU
		{718CFCE6-E415-4025-90EE-3EFC6274C41A}.Test|x64.ActiveCfg = Release|x64
		{718CFCE6-E415-4025-90EE-3EFC6274C41A}.Test|x64.Build.0 = Release|x64
		{718CFCE6-E415-4025-90EE-3EFC6274C41A}.Test|x86.ActiveCfg = Release|Any CPU
		{718CFCE6-E415-4025-90EE-3EFC6274C41A}.Test|x86.Build.0 = Release|Any CPU
		{AC9CE350-4267-4509-80D2-E4CE953F4A0A}.Debug|Any CPU.ActiveCfg = Debug|Any CPU
		{AC9CE350-4267-4509-80D2-E4CE953F4A0A}.Debug|Any CPU.Build.0 = Debug|Any CPU
		{AC9CE350-4267-4509-80D2-E4CE953F4A0A}.Debug|x64.ActiveCfg = Debug|x64
		{AC9CE350-4267-4509-80D2-E4CE953F4A0A}.Debug|x64.Build.0 = Debug|x64
		{AC9CE350-4267-4509-80D2-E4CE953F4A0A}.Debug|x86.ActiveCfg = Debug|Any CPU
		{AC9CE350-4267-4509-80D2-E4CE953F4A0A}.Debug|x86.Build.0 = Debug|Any CPU
		{AC9CE350-4267-4509-80D2-E4CE953F4A0A}.Release|Any CPU.ActiveCfg = Release|Any CPU
		{AC9CE350-4267-4509-80D2-E4CE953F4A0A}.Release|Any CPU.Build.0 = Release|Any CPU
		{AC9CE350-4267-4509-80D2-E4CE953F4A0A}.Release|x64.ActiveCfg = Release|x64
		{AC9CE350-4267-4509-80D2-E4CE953F4A0A}.Release|x64.Build.0 = Release|x64
		{AC9CE350-4267-4509-80D2-E4CE953F4A0A}.Release|x86.ActiveCfg = Release|Any CPU
		{AC9CE350-4267-4509-80D2-E4CE953F4A0A}.Release|x86.Build.0 = Release|Any CPU
		{AC9CE350-4267-4509-80D2-E4CE953F4A0A}.Test|Any CPU.ActiveCfg = Release|Any CPU
		{AC9CE350-4267-4509-80D2-E4CE953F4A0A}.Test|Any CPU.Build.0 = Release|Any CPU
		{AC9CE350-4267-4509-80D2-E4CE953F4A0A}.Test|x64.ActiveCfg = Release|x64
		{AC9CE350-4267-4509-80D2-E4CE953F4A0A}.Test|x64.Build.0 = Release|x64
		{AC9CE350-4267-4509-80D2-E4CE953F4A0A}.Test|x86.ActiveCfg = Release|Any CPU
		{AC9CE350-4267-4509-80D2-E4CE953F4A0A}.Test|x86.Build.0 = Release|Any CPU
		{C9031A4C-B971-4AA1-80BD-ECD43027AB6B}.Debug|Any CPU.ActiveCfg = Debug|Any CPU
		{C9031A4C-B971-4AA1-80BD-ECD43027AB6B}.Debug|Any CPU.Build.0 = Debug|Any CPU
		{C9031A4C-B971-4AA1-80BD-ECD43027AB6B}.Debug|x64.ActiveCfg = Debug|x64
		{C9031A4C-B971-4AA1-80BD-ECD43027AB6B}.Debug|x64.Build.0 = Debug|x64
		{C9031A4C-B971-4AA1-80BD-ECD43027AB6B}.Debug|x86.ActiveCfg = Debug|Any CPU
		{C9031A4C-B971-4AA1-80BD-ECD43027AB6B}.Debug|x86.Build.0 = Debug|Any CPU
		{C9031A4C-B971-4AA1-80BD-ECD43027AB6B}.Release|Any CPU.ActiveCfg = Release|Any CPU
		{C9031A4C-B971-4AA1-80BD-ECD43027AB6B}.Release|Any CPU.Build.0 = Release|Any CPU
		{C9031A4C-B971-4AA1-80BD-ECD43027AB6B}.Release|x64.ActiveCfg = Release|x64
		{C9031A4C-B971-4AA1-80BD-ECD43027AB6B}.Release|x64.Build.0 = Release|x64
		{C9031A4C-B971-4AA1-80BD-ECD43027AB6B}.Release|x86.ActiveCfg = Release|Any CPU
		{C9031A4C-B971-4AA1-80BD-ECD43027AB6B}.Release|x86.Build.0 = Release|Any CPU
		{C9031A4C-B971-4AA1-80BD-ECD43027AB6B}.Test|Any CPU.ActiveCfg = Release|Any CPU
		{C9031A4C-B971-4AA1-80BD-ECD43027AB6B}.Test|Any CPU.Build.0 = Release|Any CPU
		{C9031A4C-B971-4AA1-80BD-ECD43027AB6B}.Test|x64.ActiveCfg = Release|x64
		{C9031A4C-B971-4AA1-80BD-ECD43027AB6B}.Test|x64.Build.0 = Release|x64
		{C9031A4C-B971-4AA1-80BD-ECD43027AB6B}.Test|x86.ActiveCfg = Release|Any CPU
		{C9031A4C-B971-4AA1-80BD-ECD43027AB6B}.Test|x86.Build.0 = Release|Any CPU
		{C5FCC526-7799-4A19-8F80-83E2ACC32844}.Debug|Any CPU.ActiveCfg = Debug|Any CPU
		{C5FCC526-7799-4A19-8F80-83E2ACC32844}.Debug|Any CPU.Build.0 = Debug|Any CPU
		{C5FCC526-7799-4A19-8F80-83E2ACC32844}.Debug|x64.ActiveCfg = Debug|Any CPU
		{C5FCC526-7799-4A19-8F80-83E2ACC32844}.Debug|x64.Build.0 = Debug|Any CPU
		{C5FCC526-7799-4A19-8F80-83E2ACC32844}.Debug|x86.ActiveCfg = Debug|Any CPU
		{C5FCC526-7799-4A19-8F80-83E2ACC32844}.Debug|x86.Build.0 = Debug|Any CPU
		{C5FCC526-7799-4A19-8F80-83E2ACC32844}.Release|Any CPU.ActiveCfg = Release|Any CPU
		{C5FCC526-7799-4A19-8F80-83E2ACC32844}.Release|Any CPU.Build.0 = Release|Any CPU
		{C5FCC526-7799-4A19-8F80-83E2ACC32844}.Release|x64.ActiveCfg = Release|Any CPU
		{C5FCC526-7799-4A19-8F80-83E2ACC32844}.Release|x64.Build.0 = Release|Any CPU
		{C5FCC526-7799-4A19-8F80-83E2ACC32844}.Release|x86.ActiveCfg = Release|Any CPU
		{C5FCC526-7799-4A19-8F80-83E2ACC32844}.Release|x86.Build.0 = Release|Any CPU
		{C5FCC526-7799-4A19-8F80-83E2ACC32844}.Test|Any CPU.ActiveCfg = Release|Any CPU
		{C5FCC526-7799-4A19-8F80-83E2ACC32844}.Test|Any CPU.Build.0 = Release|Any CPU
		{C5FCC526-7799-4A19-8F80-83E2ACC32844}.Test|x64.ActiveCfg = Release|Any CPU
		{C5FCC526-7799-4A19-8F80-83E2ACC32844}.Test|x64.Build.0 = Release|Any CPU
		{C5FCC526-7799-4A19-8F80-83E2ACC32844}.Test|x86.ActiveCfg = Release|Any CPU
		{C5FCC526-7799-4A19-8F80-83E2ACC32844}.Test|x86.Build.0 = Release|Any CPU
		{E8A9C5F6-8662-4219-9250-A2C7F803D7FC}.Debug|Any CPU.ActiveCfg = Debug|Any CPU
		{E8A9C5F6-8662-4219-9250-A2C7F803D7FC}.Debug|Any CPU.Build.0 = Debug|Any CPU
		{E8A9C5F6-8662-4219-9250-A2C7F803D7FC}.Debug|x64.ActiveCfg = Debug|x64
		{E8A9C5F6-8662-4219-9250-A2C7F803D7FC}.Debug|x64.Build.0 = Debug|x64
		{E8A9C5F6-8662-4219-9250-A2C7F803D7FC}.Debug|x86.ActiveCfg = Debug|Any CPU
		{E8A9C5F6-8662-4219-9250-A2C7F803D7FC}.Debug|x86.Build.0 = Debug|Any CPU
		{E8A9C5F6-8662-4219-9250-A2C7F803D7FC}.Release|Any CPU.ActiveCfg = Release|Any CPU
		{E8A9C5F6-8662-4219-9250-A2C7F803D7FC}.Release|Any CPU.Build.0 = Release|Any CPU
		{E8A9C5F6-8662-4219-9250-A2C7F803D7FC}.Release|x64.ActiveCfg = Release|x64
		{E8A9C5F6-8662-4219-9250-A2C7F803D7FC}.Release|x64.Build.0 = Release|x64
		{E8A9C5F6-8662-4219-9250-A2C7F803D7FC}.Release|x86.ActiveCfg = Release|Any CPU
		{E8A9C5F6-8662-4219-9250-A2C7F803D7FC}.Release|x86.Build.0 = Release|Any CPU
		{E8A9C5F6-8662-4219-9250-A2C7F803D7FC}.Test|Any CPU.ActiveCfg = Release|Any CPU
		{E8A9C5F6-8662-4219-9250-A2C7F803D7FC}.Test|Any CPU.Build.0 = Release|Any CPU
		{E8A9C5F6-8662-4219-9250-A2C7F803D7FC}.Test|x64.ActiveCfg = Release|x64
		{E8A9C5F6-8662-4219-9250-A2C7F803D7FC}.Test|x64.Build.0 = Release|x64
		{E8A9C5F6-8662-4219-9250-A2C7F803D7FC}.Test|x86.ActiveCfg = Release|Any CPU
		{E8A9C5F6-8662-4219-9250-A2C7F803D7FC}.Test|x86.Build.0 = Release|Any CPU
		{0E5D0956-6C95-4AFA-A7BF-72502FC15C64}.Debug|Any CPU.ActiveCfg = Debug|Any CPU
		{0E5D0956-6C95-4AFA-A7BF-72502FC15C64}.Debug|Any CPU.Build.0 = Debug|Any CPU
		{0E5D0956-6C95-4AFA-A7BF-72502FC15C64}.Debug|x64.ActiveCfg = Debug|x64
		{0E5D0956-6C95-4AFA-A7BF-72502FC15C64}.Debug|x64.Build.0 = Debug|x64
		{0E5D0956-6C95-4AFA-A7BF-72502FC15C64}.Debug|x86.ActiveCfg = Debug|Any CPU
		{0E5D0956-6C95-4AFA-A7BF-72502FC15C64}.Debug|x86.Build.0 = Debug|Any CPU
		{0E5D0956-6C95-4AFA-A7BF-72502FC15C64}.Release|Any CPU.ActiveCfg = Release|Any CPU
		{0E5D0956-6C95-4AFA-A7BF-72502FC15C64}.Release|Any CPU.Build.0 = Release|Any CPU
		{0E5D0956-6C95-4AFA-A7BF-72502FC15C64}.Release|x64.ActiveCfg = Release|x64
		{0E5D0956-6C95-4AFA-A7BF-72502FC15C64}.Release|x64.Build.0 = Release|x64
		{0E5D0956-6C95-4AFA-A7BF-72502FC15C64}.Release|x86.ActiveCfg = Release|Any CPU
		{0E5D0956-6C95-4AFA-A7BF-72502FC15C64}.Release|x86.Build.0 = Release|Any CPU
		{0E5D0956-6C95-4AFA-A7BF-72502FC15C64}.Test|Any CPU.ActiveCfg = Release|Any CPU
		{0E5D0956-6C95-4AFA-A7BF-72502FC15C64}.Test|Any CPU.Build.0 = Release|Any CPU
		{0E5D0956-6C95-4AFA-A7BF-72502FC15C64}.Test|x64.ActiveCfg = Release|x64
		{0E5D0956-6C95-4AFA-A7BF-72502FC15C64}.Test|x64.Build.0 = Release|x64
		{0E5D0956-6C95-4AFA-A7BF-72502FC15C64}.Test|x86.ActiveCfg = Release|Any CPU
		{0E5D0956-6C95-4AFA-A7BF-72502FC15C64}.Test|x86.Build.0 = Release|Any CPU
		{D375AC35-5F11-4016-8AD9-6181FB0D8709}.Debug|Any CPU.ActiveCfg = Debug|Any CPU
		{D375AC35-5F11-4016-8AD9-6181FB0D8709}.Debug|Any CPU.Build.0 = Debug|Any CPU
		{D375AC35-5F11-4016-8AD9-6181FB0D8709}.Debug|x64.ActiveCfg = Debug|x64
		{D375AC35-5F11-4016-8AD9-6181FB0D8709}.Debug|x64.Build.0 = Debug|x64
		{D375AC35-5F11-4016-8AD9-6181FB0D8709}.Debug|x86.ActiveCfg = Debug|Any CPU
		{D375AC35-5F11-4016-8AD9-6181FB0D8709}.Debug|x86.Build.0 = Debug|Any CPU
		{D375AC35-5F11-4016-8AD9-6181FB0D8709}.Release|Any CPU.ActiveCfg = Release|Any CPU
		{D375AC35-5F11-4016-8AD9-6181FB0D8709}.Release|Any CPU.Build.0 = Release|Any CPU
		{D375AC35-5F11-4016-8AD9-6181FB0D8709}.Release|x64.ActiveCfg = Release|x64
		{D375AC35-5F11-4016-8AD9-6181FB0D8709}.Release|x64.Build.0 = Release|x64
		{D375AC35-5F11-4016-8AD9-6181FB0D8709}.Release|x86.ActiveCfg = Release|Any CPU
		{D375AC35-5F11-4016-8AD9-6181FB0D8709}.Release|x86.Build.0 = Release|Any CPU
		{D375AC35-5F11-4016-8AD9-6181FB0D8709}.Test|Any CPU.ActiveCfg = Release|Any CPU
		{D375AC35-5F11-4016-8AD9-6181FB0D8709}.Test|Any CPU.Build.0 = Release|Any CPU
		{D375AC35-5F11-4016-8AD9-6181FB0D8709}.Test|x64.ActiveCfg = Release|x64
		{D375AC35-5F11-4016-8AD9-6181FB0D8709}.Test|x64.Build.0 = Release|x64
		{D375AC35-5F11-4016-8AD9-6181FB0D8709}.Test|x86.ActiveCfg = Release|Any CPU
		{D375AC35-5F11-4016-8AD9-6181FB0D8709}.Test|x86.Build.0 = Release|Any CPU
		{59B88B50-9BCB-49AC-8F1A-EC1EDB481B50}.Debug|Any CPU.ActiveCfg = Debug|Any CPU
		{59B88B50-9BCB-49AC-8F1A-EC1EDB481B50}.Debug|Any CPU.Build.0 = Debug|Any CPU
		{59B88B50-9BCB-49AC-8F1A-EC1EDB481B50}.Debug|x64.ActiveCfg = Debug|x64
		{59B88B50-9BCB-49AC-8F1A-EC1EDB481B50}.Debug|x64.Build.0 = Debug|x64
		{59B88B50-9BCB-49AC-8F1A-EC1EDB481B50}.Debug|x86.ActiveCfg = Debug|Any CPU
		{59B88B50-9BCB-49AC-8F1A-EC1EDB481B50}.Debug|x86.Build.0 = Debug|Any CPU
		{59B88B50-9BCB-49AC-8F1A-EC1EDB481B50}.Release|Any CPU.ActiveCfg = Release|Any CPU
		{59B88B50-9BCB-49AC-8F1A-EC1EDB481B50}.Release|Any CPU.Build.0 = Release|Any CPU
		{59B88B50-9BCB-49AC-8F1A-EC1EDB481B50}.Release|x64.ActiveCfg = Release|x64
		{59B88B50-9BCB-49AC-8F1A-EC1EDB481B50}.Release|x64.Build.0 = Release|x64
		{59B88B50-9BCB-49AC-8F1A-EC1EDB481B50}.Release|x86.ActiveCfg = Release|Any CPU
		{59B88B50-9BCB-49AC-8F1A-EC1EDB481B50}.Release|x86.Build.0 = Release|Any CPU
		{59B88B50-9BCB-49AC-8F1A-EC1EDB481B50}.Test|Any CPU.ActiveCfg = Release|Any CPU
		{59B88B50-9BCB-49AC-8F1A-EC1EDB481B50}.Test|Any CPU.Build.0 = Release|Any CPU
		{59B88B50-9BCB-49AC-8F1A-EC1EDB481B50}.Test|x64.ActiveCfg = Release|x64
		{59B88B50-9BCB-49AC-8F1A-EC1EDB481B50}.Test|x64.Build.0 = Release|x64
		{59B88B50-9BCB-49AC-8F1A-EC1EDB481B50}.Test|x86.ActiveCfg = Release|Any CPU
		{59B88B50-9BCB-49AC-8F1A-EC1EDB481B50}.Test|x86.Build.0 = Release|Any CPU
		{74E3DF50-552D-4A53-A330-B44E5CE7646C}.Debug|Any CPU.ActiveCfg = Debug|Any CPU
		{74E3DF50-552D-4A53-A330-B44E5CE7646C}.Debug|Any CPU.Build.0 = Debug|Any CPU
		{74E3DF50-552D-4A53-A330-B44E5CE7646C}.Debug|x64.ActiveCfg = Debug|x64
		{74E3DF50-552D-4A53-A330-B44E5CE7646C}.Debug|x64.Build.0 = Debug|x64
		{74E3DF50-552D-4A53-A330-B44E5CE7646C}.Debug|x86.ActiveCfg = Debug|Any CPU
		{74E3DF50-552D-4A53-A330-B44E5CE7646C}.Debug|x86.Build.0 = Debug|Any CPU
		{74E3DF50-552D-4A53-A330-B44E5CE7646C}.Release|Any CPU.ActiveCfg = Release|Any CPU
		{74E3DF50-552D-4A53-A330-B44E5CE7646C}.Release|Any CPU.Build.0 = Release|Any CPU
		{74E3DF50-552D-4A53-A330-B44E5CE7646C}.Release|x64.ActiveCfg = Release|x64
		{74E3DF50-552D-4A53-A330-B44E5CE7646C}.Release|x64.Build.0 = Release|x64
		{74E3DF50-552D-4A53-A330-B44E5CE7646C}.Release|x86.ActiveCfg = Release|Any CPU
		{74E3DF50-552D-4A53-A330-B44E5CE7646C}.Release|x86.Build.0 = Release|Any CPU
		{74E3DF50-552D-4A53-A330-B44E5CE7646C}.Test|Any CPU.ActiveCfg = Release|Any CPU
		{74E3DF50-552D-4A53-A330-B44E5CE7646C}.Test|Any CPU.Build.0 = Release|Any CPU
		{74E3DF50-552D-4A53-A330-B44E5CE7646C}.Test|x64.ActiveCfg = Release|x64
		{74E3DF50-552D-4A53-A330-B44E5CE7646C}.Test|x64.Build.0 = Release|x64
		{74E3DF50-552D-4A53-A330-B44E5CE7646C}.Test|x86.ActiveCfg = Release|Any CPU
		{74E3DF50-552D-4A53-A330-B44E5CE7646C}.Test|x86.Build.0 = Release|Any CPU
		{559C4716-911D-4AEA-9A39-B0527A2325B4}.Debug|Any CPU.ActiveCfg = Debug|Any CPU
		{559C4716-911D-4AEA-9A39-B0527A2325B4}.Debug|Any CPU.Build.0 = Debug|Any CPU
		{559C4716-911D-4AEA-9A39-B0527A2325B4}.Debug|x64.ActiveCfg = Debug|Any CPU
		{559C4716-911D-4AEA-9A39-B0527A2325B4}.Debug|x64.Build.0 = Debug|Any CPU
		{559C4716-911D-4AEA-9A39-B0527A2325B4}.Debug|x86.ActiveCfg = Debug|Any CPU
		{559C4716-911D-4AEA-9A39-B0527A2325B4}.Debug|x86.Build.0 = Debug|Any CPU
		{559C4716-911D-4AEA-9A39-B0527A2325B4}.Release|Any CPU.ActiveCfg = Release|Any CPU
		{559C4716-911D-4AEA-9A39-B0527A2325B4}.Release|Any CPU.Build.0 = Release|Any CPU
		{559C4716-911D-4AEA-9A39-B0527A2325B4}.Release|x64.ActiveCfg = Release|Any CPU
		{559C4716-911D-4AEA-9A39-B0527A2325B4}.Release|x64.Build.0 = Release|Any CPU
		{559C4716-911D-4AEA-9A39-B0527A2325B4}.Release|x86.ActiveCfg = Release|Any CPU
		{559C4716-911D-4AEA-9A39-B0527A2325B4}.Release|x86.Build.0 = Release|Any CPU
		{559C4716-911D-4AEA-9A39-B0527A2325B4}.Test|Any CPU.ActiveCfg = Release|Any CPU
		{559C4716-911D-4AEA-9A39-B0527A2325B4}.Test|Any CPU.Build.0 = Release|Any CPU
		{559C4716-911D-4AEA-9A39-B0527A2325B4}.Test|x64.ActiveCfg = Release|Any CPU
		{559C4716-911D-4AEA-9A39-B0527A2325B4}.Test|x64.Build.0 = Release|Any CPU
		{559C4716-911D-4AEA-9A39-B0527A2325B4}.Test|x86.ActiveCfg = Release|Any CPU
		{559C4716-911D-4AEA-9A39-B0527A2325B4}.Test|x86.Build.0 = Release|Any CPU
		{91662D77-8FA5-4C74-8876-03EBC5504396}.Debug|Any CPU.ActiveCfg = Debug|Any CPU
		{91662D77-8FA5-4C74-8876-03EBC5504396}.Debug|Any CPU.Build.0 = Debug|Any CPU
		{91662D77-8FA5-4C74-8876-03EBC5504396}.Debug|x64.ActiveCfg = Debug|Any CPU
		{91662D77-8FA5-4C74-8876-03EBC5504396}.Debug|x64.Build.0 = Debug|Any CPU
		{91662D77-8FA5-4C74-8876-03EBC5504396}.Debug|x86.ActiveCfg = Debug|Any CPU
		{91662D77-8FA5-4C74-8876-03EBC5504396}.Debug|x86.Build.0 = Debug|Any CPU
		{91662D77-8FA5-4C74-8876-03EBC5504396}.Release|Any CPU.ActiveCfg = Release|Any CPU
		{91662D77-8FA5-4C74-8876-03EBC5504396}.Release|Any CPU.Build.0 = Release|Any CPU
		{91662D77-8FA5-4C74-8876-03EBC5504396}.Release|x64.ActiveCfg = Release|Any CPU
		{91662D77-8FA5-4C74-8876-03EBC5504396}.Release|x64.Build.0 = Release|Any CPU
		{91662D77-8FA5-4C74-8876-03EBC5504396}.Release|x86.ActiveCfg = Release|Any CPU
		{91662D77-8FA5-4C74-8876-03EBC5504396}.Release|x86.Build.0 = Release|Any CPU
		{91662D77-8FA5-4C74-8876-03EBC5504396}.Test|Any CPU.ActiveCfg = Release|Any CPU
		{91662D77-8FA5-4C74-8876-03EBC5504396}.Test|Any CPU.Build.0 = Release|Any CPU
		{91662D77-8FA5-4C74-8876-03EBC5504396}.Test|x64.ActiveCfg = Release|Any CPU
		{91662D77-8FA5-4C74-8876-03EBC5504396}.Test|x64.Build.0 = Release|Any CPU
		{91662D77-8FA5-4C74-8876-03EBC5504396}.Test|x86.ActiveCfg = Release|Any CPU
		{91662D77-8FA5-4C74-8876-03EBC5504396}.Test|x86.Build.0 = Release|Any CPU
		{FD8779D7-DC1E-4AF9-887C-78C8F8787EE9}.Debug|Any CPU.ActiveCfg = Release|x64
		{FD8779D7-DC1E-4AF9-887C-78C8F8787EE9}.Debug|x64.ActiveCfg = Debug|x64
		{FD8779D7-DC1E-4AF9-887C-78C8F8787EE9}.Debug|x64.Build.0 = Debug|x64
		{FD8779D7-DC1E-4AF9-887C-78C8F8787EE9}.Debug|x86.ActiveCfg = Debug|Win32
		{FD8779D7-DC1E-4AF9-887C-78C8F8787EE9}.Debug|x86.Build.0 = Debug|Win32
		{FD8779D7-DC1E-4AF9-887C-78C8F8787EE9}.Release|Any CPU.ActiveCfg = Release|Win32
		{FD8779D7-DC1E-4AF9-887C-78C8F8787EE9}.Release|x64.ActiveCfg = Release|x64
		{FD8779D7-DC1E-4AF9-887C-78C8F8787EE9}.Release|x64.Build.0 = Release|x64
		{FD8779D7-DC1E-4AF9-887C-78C8F8787EE9}.Release|x86.ActiveCfg = Release|Win32
		{FD8779D7-DC1E-4AF9-887C-78C8F8787EE9}.Release|x86.Build.0 = Release|Win32
		{FD8779D7-DC1E-4AF9-887C-78C8F8787EE9}.Test|Any CPU.ActiveCfg = Release|x64
		{FD8779D7-DC1E-4AF9-887C-78C8F8787EE9}.Test|Any CPU.Build.0 = Release|x64
		{FD8779D7-DC1E-4AF9-887C-78C8F8787EE9}.Test|x64.ActiveCfg = Release|x64
		{FD8779D7-DC1E-4AF9-887C-78C8F8787EE9}.Test|x64.Build.0 = Release|x64
		{FD8779D7-DC1E-4AF9-887C-78C8F8787EE9}.Test|x86.ActiveCfg = Release|Win32
		{FD8779D7-DC1E-4AF9-887C-78C8F8787EE9}.Test|x86.Build.0 = Release|Win32
		{D2E698F7-9385-493E-883D-DA84A9D7A03C}.Debug|Any CPU.ActiveCfg = Debug|x64
		{D2E698F7-9385-493E-883D-DA84A9D7A03C}.Debug|x64.ActiveCfg = Debug|x64
		{D2E698F7-9385-493E-883D-DA84A9D7A03C}.Debug|x64.Build.0 = Debug|x64
		{D2E698F7-9385-493E-883D-DA84A9D7A03C}.Debug|x86.ActiveCfg = Debug|Win32
		{D2E698F7-9385-493E-883D-DA84A9D7A03C}.Debug|x86.Build.0 = Debug|Win32
		{D2E698F7-9385-493E-883D-DA84A9D7A03C}.Release|Any CPU.ActiveCfg = Release|Win32
		{D2E698F7-9385-493E-883D-DA84A9D7A03C}.Release|x64.ActiveCfg = Release|x64
		{D2E698F7-9385-493E-883D-DA84A9D7A03C}.Release|x64.Build.0 = Release|x64
		{D2E698F7-9385-493E-883D-DA84A9D7A03C}.Release|x86.ActiveCfg = Release|Win32
		{D2E698F7-9385-493E-883D-DA84A9D7A03C}.Release|x86.Build.0 = Release|Win32
		{D2E698F7-9385-493E-883D-DA84A9D7A03C}.Test|Any CPU.ActiveCfg = Release|x64
		{D2E698F7-9385-493E-883D-DA84A9D7A03C}.Test|Any CPU.Build.0 = Release|x64
		{D2E698F7-9385-493E-883D-DA84A9D7A03C}.Test|x64.ActiveCfg = Release|x64
		{D2E698F7-9385-493E-883D-DA84A9D7A03C}.Test|x64.Build.0 = Release|x64
		{D2E698F7-9385-493E-883D-DA84A9D7A03C}.Test|x86.ActiveCfg = Release|Win32
		{D2E698F7-9385-493E-883D-DA84A9D7A03C}.Test|x86.Build.0 = Release|Win32
		{83DF75AA-DEA3-460D-9CAB-C1459FF863AA}.Debug|Any CPU.ActiveCfg = Debug|Any CPU
		{83DF75AA-DEA3-460D-9CAB-C1459FF863AA}.Debug|Any CPU.Build.0 = Debug|Any CPU
		{83DF75AA-DEA3-460D-9CAB-C1459FF863AA}.Debug|x64.ActiveCfg = Debug|Any CPU
		{83DF75AA-DEA3-460D-9CAB-C1459FF863AA}.Debug|x64.Build.0 = Debug|Any CPU
		{83DF75AA-DEA3-460D-9CAB-C1459FF863AA}.Debug|x86.ActiveCfg = Debug|Any CPU
		{83DF75AA-DEA3-460D-9CAB-C1459FF863AA}.Debug|x86.Build.0 = Debug|Any CPU
		{83DF75AA-DEA3-460D-9CAB-C1459FF863AA}.Release|Any CPU.ActiveCfg = Release|Any CPU
		{83DF75AA-DEA3-460D-9CAB-C1459FF863AA}.Release|Any CPU.Build.0 = Release|Any CPU
		{83DF75AA-DEA3-460D-9CAB-C1459FF863AA}.Release|x64.ActiveCfg = Release|Any CPU
		{83DF75AA-DEA3-460D-9CAB-C1459FF863AA}.Release|x64.Build.0 = Release|Any CPU
		{83DF75AA-DEA3-460D-9CAB-C1459FF863AA}.Release|x86.ActiveCfg = Release|Any CPU
		{83DF75AA-DEA3-460D-9CAB-C1459FF863AA}.Release|x86.Build.0 = Release|Any CPU
		{83DF75AA-DEA3-460D-9CAB-C1459FF863AA}.Test|Any CPU.ActiveCfg = Release|Any CPU
		{83DF75AA-DEA3-460D-9CAB-C1459FF863AA}.Test|Any CPU.Build.0 = Release|Any CPU
		{83DF75AA-DEA3-460D-9CAB-C1459FF863AA}.Test|x64.ActiveCfg = Release|Any CPU
		{83DF75AA-DEA3-460D-9CAB-C1459FF863AA}.Test|x64.Build.0 = Release|Any CPU
		{83DF75AA-DEA3-460D-9CAB-C1459FF863AA}.Test|x86.ActiveCfg = Release|Any CPU
		{83DF75AA-DEA3-460D-9CAB-C1459FF863AA}.Test|x86.Build.0 = Release|Any CPU
		{BA357E0F-5C4C-491F-98C6-E94EFBF673B5}.Debug|Any CPU.ActiveCfg = Debug|Any CPU
		{BA357E0F-5C4C-491F-98C6-E94EFBF673B5}.Debug|Any CPU.Build.0 = Debug|Any CPU
		{BA357E0F-5C4C-491F-98C6-E94EFBF673B5}.Debug|x64.ActiveCfg = Debug|Any CPU
		{BA357E0F-5C4C-491F-98C6-E94EFBF673B5}.Debug|x64.Build.0 = Debug|Any CPU
		{BA357E0F-5C4C-491F-98C6-E94EFBF673B5}.Debug|x86.ActiveCfg = Debug|Any CPU
		{BA357E0F-5C4C-491F-98C6-E94EFBF673B5}.Debug|x86.Build.0 = Debug|Any CPU
		{BA357E0F-5C4C-491F-98C6-E94EFBF673B5}.Release|Any CPU.ActiveCfg = Release|Any CPU
		{BA357E0F-5C4C-491F-98C6-E94EFBF673B5}.Release|Any CPU.Build.0 = Release|Any CPU
		{BA357E0F-5C4C-491F-98C6-E94EFBF673B5}.Release|x64.ActiveCfg = Release|Any CPU
		{BA357E0F-5C4C-491F-98C6-E94EFBF673B5}.Release|x64.Build.0 = Release|Any CPU
		{BA357E0F-5C4C-491F-98C6-E94EFBF673B5}.Release|x86.ActiveCfg = Release|Any CPU
		{BA357E0F-5C4C-491F-98C6-E94EFBF673B5}.Release|x86.Build.0 = Release|Any CPU
		{BA357E0F-5C4C-491F-98C6-E94EFBF673B5}.Test|Any CPU.ActiveCfg = Release|Any CPU
		{BA357E0F-5C4C-491F-98C6-E94EFBF673B5}.Test|Any CPU.Build.0 = Release|Any CPU
		{BA357E0F-5C4C-491F-98C6-E94EFBF673B5}.Test|x64.ActiveCfg = Release|Any CPU
		{BA357E0F-5C4C-491F-98C6-E94EFBF673B5}.Test|x64.Build.0 = Release|Any CPU
		{BA357E0F-5C4C-491F-98C6-E94EFBF673B5}.Test|x86.ActiveCfg = Release|Any CPU
		{BA357E0F-5C4C-491F-98C6-E94EFBF673B5}.Test|x86.Build.0 = Release|Any CPU
		{40DF2F32-BDF6-4310-AE75-57D8D3BA7F1B}.Debug|Any CPU.ActiveCfg = Debug|Any CPU
		{40DF2F32-BDF6-4310-AE75-57D8D3BA7F1B}.Debug|Any CPU.Build.0 = Debug|Any CPU
		{40DF2F32-BDF6-4310-AE75-57D8D3BA7F1B}.Debug|x64.ActiveCfg = Debug|Any CPU
		{40DF2F32-BDF6-4310-AE75-57D8D3BA7F1B}.Debug|x64.Build.0 = Debug|Any CPU
		{40DF2F32-BDF6-4310-AE75-57D8D3BA7F1B}.Debug|x86.ActiveCfg = Debug|Any CPU
		{40DF2F32-BDF6-4310-AE75-57D8D3BA7F1B}.Debug|x86.Build.0 = Debug|Any CPU
		{40DF2F32-BDF6-4310-AE75-57D8D3BA7F1B}.Release|Any CPU.ActiveCfg = Release|Any CPU
		{40DF2F32-BDF6-4310-AE75-57D8D3BA7F1B}.Release|Any CPU.Build.0 = Release|Any CPU
		{40DF2F32-BDF6-4310-AE75-57D8D3BA7F1B}.Release|x64.ActiveCfg = Release|Any CPU
		{40DF2F32-BDF6-4310-AE75-57D8D3BA7F1B}.Release|x64.Build.0 = Release|Any CPU
		{40DF2F32-BDF6-4310-AE75-57D8D3BA7F1B}.Release|x86.ActiveCfg = Release|Any CPU
		{40DF2F32-BDF6-4310-AE75-57D8D3BA7F1B}.Release|x86.Build.0 = Release|Any CPU
		{40DF2F32-BDF6-4310-AE75-57D8D3BA7F1B}.Test|Any CPU.ActiveCfg = Release|Any CPU
		{40DF2F32-BDF6-4310-AE75-57D8D3BA7F1B}.Test|Any CPU.Build.0 = Release|Any CPU
		{40DF2F32-BDF6-4310-AE75-57D8D3BA7F1B}.Test|x64.ActiveCfg = Release|Any CPU
		{40DF2F32-BDF6-4310-AE75-57D8D3BA7F1B}.Test|x64.Build.0 = Release|Any CPU
		{40DF2F32-BDF6-4310-AE75-57D8D3BA7F1B}.Test|x86.ActiveCfg = Release|Any CPU
		{40DF2F32-BDF6-4310-AE75-57D8D3BA7F1B}.Test|x86.Build.0 = Release|Any CPU
		{30509125-927B-418C-85E7-77295935B878}.Debug|Any CPU.ActiveCfg = Debug|Any CPU
		{30509125-927B-418C-85E7-77295935B878}.Debug|Any CPU.Build.0 = Debug|Any CPU
		{30509125-927B-418C-85E7-77295935B878}.Debug|x64.ActiveCfg = Debug|x64
		{30509125-927B-418C-85E7-77295935B878}.Debug|x64.Build.0 = Debug|x64
		{30509125-927B-418C-85E7-77295935B878}.Debug|x86.ActiveCfg = Debug|x86
		{30509125-927B-418C-85E7-77295935B878}.Debug|x86.Build.0 = Debug|x86
		{30509125-927B-418C-85E7-77295935B878}.Release|Any CPU.ActiveCfg = Release|Any CPU
		{30509125-927B-418C-85E7-77295935B878}.Release|Any CPU.Build.0 = Release|Any CPU
		{30509125-927B-418C-85E7-77295935B878}.Release|x64.ActiveCfg = Release|x64
		{30509125-927B-418C-85E7-77295935B878}.Release|x64.Build.0 = Release|x64
		{30509125-927B-418C-85E7-77295935B878}.Release|x86.ActiveCfg = Release|x86
		{30509125-927B-418C-85E7-77295935B878}.Release|x86.Build.0 = Release|x86
		{30509125-927B-418C-85E7-77295935B878}.Test|Any CPU.ActiveCfg = Release|Any CPU
		{30509125-927B-418C-85E7-77295935B878}.Test|Any CPU.Build.0 = Release|Any CPU
		{30509125-927B-418C-85E7-77295935B878}.Test|x64.ActiveCfg = Release|x64
		{30509125-927B-418C-85E7-77295935B878}.Test|x64.Build.0 = Release|x64
		{30509125-927B-418C-85E7-77295935B878}.Test|x86.ActiveCfg = Release|x86
		{30509125-927B-418C-85E7-77295935B878}.Test|x86.Build.0 = Release|x86
		{F8FC2E66-8266-4429-9905-F088901C1263}.Debug|Any CPU.ActiveCfg = Debug|Any CPU
		{F8FC2E66-8266-4429-9905-F088901C1263}.Debug|Any CPU.Build.0 = Debug|Any CPU
		{F8FC2E66-8266-4429-9905-F088901C1263}.Debug|x64.ActiveCfg = Debug|Any CPU
		{F8FC2E66-8266-4429-9905-F088901C1263}.Debug|x64.Build.0 = Debug|Any CPU
		{F8FC2E66-8266-4429-9905-F088901C1263}.Debug|x86.ActiveCfg = Debug|Any CPU
		{F8FC2E66-8266-4429-9905-F088901C1263}.Debug|x86.Build.0 = Debug|Any CPU
		{F8FC2E66-8266-4429-9905-F088901C1263}.Release|Any CPU.ActiveCfg = Release|Any CPU
		{F8FC2E66-8266-4429-9905-F088901C1263}.Release|Any CPU.Build.0 = Release|Any CPU
		{F8FC2E66-8266-4429-9905-F088901C1263}.Release|x64.ActiveCfg = Release|Any CPU
		{F8FC2E66-8266-4429-9905-F088901C1263}.Release|x64.Build.0 = Release|Any CPU
		{F8FC2E66-8266-4429-9905-F088901C1263}.Release|x86.ActiveCfg = Release|Any CPU
		{F8FC2E66-8266-4429-9905-F088901C1263}.Release|x86.Build.0 = Release|Any CPU
		{F8FC2E66-8266-4429-9905-F088901C1263}.Test|Any CPU.ActiveCfg = Release|Any CPU
		{F8FC2E66-8266-4429-9905-F088901C1263}.Test|Any CPU.Build.0 = Release|Any CPU
		{F8FC2E66-8266-4429-9905-F088901C1263}.Test|x64.ActiveCfg = Release|Any CPU
		{F8FC2E66-8266-4429-9905-F088901C1263}.Test|x64.Build.0 = Release|Any CPU
		{F8FC2E66-8266-4429-9905-F088901C1263}.Test|x86.ActiveCfg = Release|Any CPU
		{F8FC2E66-8266-4429-9905-F088901C1263}.Test|x86.Build.0 = Release|Any CPU
	EndGlobalSection
	GlobalSection(SolutionProperties) = preSolution
		HideSolutionNode = FALSE
	EndGlobalSection
	GlobalSection(NestedProjects) = preSolution
		{BA357E0F-5C4C-491F-98C6-E94EFBF673B5} = {8312A898-B21C-42E0-BFDC-D39047707489}
		{40DF2F32-BDF6-4310-AE75-57D8D3BA7F1B} = {8312A898-B21C-42E0-BFDC-D39047707489}
		{30509125-927B-418C-85E7-77295935B878} = {8312A898-B21C-42E0-BFDC-D39047707489}
		{F8FC2E66-8266-4429-9905-F088901C1263} = {8312A898-B21C-42E0-BFDC-D39047707489}
	EndGlobalSection
	GlobalSection(ExtensibilityGlobals) = postSolution
		VisualSVNWorkingCopyRoot = .
	EndGlobalSection
EndGlobal
