<?xml version="1.0" encoding="utf-8"?>
<Project ToolsVersion="4.0" xmlns="http://schemas.microsoft.com/developer/msbuild/2003">
  <ItemGroup>
    <Filter Include="Source Files">
      <UniqueIdentifier>{4FC737F1-C7A5-4376-A066-2A32D752A2FF}</UniqueIdentifier>
      <Extensions>cpp;c;cc;cxx;def;odl;idl;hpj;bat;asm;asmx</Extensions>
    </Filter>
    <Filter Include="Header Files">
      <UniqueIdentifier>{93995380-89BD-4b04-88EB-625FBE52EBFB}</UniqueIdentifier>
      <Extensions>h;hh;hpp;hxx;hm;inl;inc;xsd</Extensions>
    </Filter>
    <Filter Include="Resource Files">
      <UniqueIdentifier>{67DA6AB6-F800-4c08-8B7A-83BB121AAD01}</UniqueIdentifier>
      <Extensions>rc;ico;cur;bmp;dlg;rc2;rct;bin;rgs;gif;jpg;jpeg;jpe;resx;tiff;tif;png;wav;mfcribbon-ms</Extensions>
    </Filter>
    <Filter Include="Header Files\External">
      <UniqueIdentifier>{3a562017-1668-48c4-8cf8-64c3bfb27c9a}</UniqueIdentifier>
    </Filter>
    <Filter Include="DexelaDetector">
      <UniqueIdentifier>{70920ff6-dcbd-4b19-b536-899b982b7a8d}</UniqueIdentifier>
    </Filter>
  </ItemGroup>
  <ItemGroup>
    <ClInclude Include="CVisionSysNative.h">
      <Filter>Header Files</Filter>
    </ClInclude>
    <ClInclude Include="VisionSysNativeIF.h">
      <Filter>Header Files</Filter>
    </ClInclude>
    <ClInclude Include="..\packages\Native\ZYShape.h">
      <Filter>Header Files\External</Filter>
    </ClInclude>
    <ClInclude Include="..\packages\Native\ZYVisionParams.h">
      <Filter>Header Files\External</Filter>
    </ClInclude>
    <ClInclude Include="..\ZY.CameraNative\ICameraNative.h">
      <Filter>Header Files\External</Filter>
    </ClInclude>
    <ClInclude Include="DexelaDetector\zyDexelaDetector.h">
      <Filter>DexelaDetector</Filter>
    </ClInclude>
    <ClInclude Include="DexelaDetector\BadPixelCorrection.h">
      <Filter>DexelaDetector</Filter>
    </ClInclude>
    <ClInclude Include="DexelaDetector\BusScanner.h">
      <Filter>DexelaDetector</Filter>
    </ClInclude>
    <ClInclude Include="DexelaDetector\DexDefines.h">
      <Filter>DexelaDetector</Filter>
    </ClInclude>
    <ClInclude Include="DexelaDetector\DexDefs.h">
      <Filter>DexelaDetector</Filter>
    </ClInclude>
    <ClInclude Include="DexelaDetector\DexelaDetector.h">
      <Filter>DexelaDetector</Filter>
    </ClInclude>
    <ClInclude Include="DexelaDetector\DexelaDetectorCL.h">
      <Filter>DexelaDetector</Filter>
    </ClInclude>
    <ClInclude Include="DexelaDetector\DexelaDetectorGE.h">
      <Filter>DexelaDetector</Filter>
    </ClInclude>
    <ClInclude Include="DexelaDetector\DexelaException.h">
      <Filter>DexelaDetector</Filter>
    </ClInclude>
    <ClInclude Include="DexelaDetector\DexImage.h">
      <Filter>DexelaDetector</Filter>
    </ClInclude>
    <ClInclude Include="CShape.h">
      <Filter>Header Files</Filter>
    </ClInclude>
  </ItemGroup>
  <ItemGroup>
    <ClCompile Include="CVisionSysNative.cpp">
      <Filter>Source Files</Filter>
    </ClCompile>
    <ClCompile Include="VisionSysNativeIF.cpp">
      <Filter>Source Files</Filter>
    </ClCompile>
    <ClCompile Include="DexelaDetector\zyDexelaDetector.cpp">
      <Filter>DexelaDetector</Filter>
    </ClCompile>
    <ClCompile Include="CShape.cpp">
      <Filter>Source Files</Filter>
    </ClCompile>
    <ClCompile Include="ImageProcessNativeIF.cpp">
      <Filter>Source Files</Filter>
    </ClCompile>
  </ItemGroup>
</Project>